
Microsoft Visual Studio Solution File, Format Version 12.00
# Visual Studio Version 17
VisualStudioVersion = 17.0.31912.275
MinimumVisualStudioVersion = 10.0.40219.1
Project("{9A19103F-16F7-4668-BE54-9A1E7A4F7556}") = "06", "06\06.csproj", "{111D7DA5-1642-4BB4-B2B1-921E7A36C164}"
	ProjectSection(ProjectDependencies) = postProject
		{E8AB2983-CD36-478C-B7AA-F27F8A6E01CA} = {E8AB2983-CD36-478C-B7AA-F27F8A6E01CA}
	EndProjectSection
EndProject
Project("{9A19103F-16F7-4668-BE54-9A1E7A4F7556}") = "05", "05\05.csproj", "{78CB3AE6-F2D3-4500-901D-41703AA6216B}"
EndProject
Project("{9A19103F-16F7-4668-BE54-9A1E7A4F7556}") = "01", "01\01.csproj", "{F05C8BB6-C329-4698-B80F-D4B33D461551}"
EndProject
Project("{9A19103F-16F7-4668-BE54-9A1E7A4F7556}") = "02", "02\02.csproj", "{E4A19AE1-CD13-4FFC-81F7-273B32F62BEC}"
EndProject
Project("{9A19103F-16F7-4668-BE54-9A1E7A4F7556}") = "03", "03\03.csproj", "{DD0E69FA-7276-484D-BCF5-CA93F49D6080}"
EndProject
Project("{9A19103F-16F7-4668-BE54-9A1E7A4F7556}") = "07", "07\07.csproj", "{271A7BED-12E1-4EA8-A8B1-F1CB8BE059C9}"
EndProject
Project("{9A19103F-16F7-4668-BE54-9A1E7A4F7556}") = "04", "04\04.csproj", "{2C17A82A-8A01-4412-81D5-86249B669DA6}"
EndProject
Project("{9A19103F-16F7-4668-BE54-9A1E7A4F7556}") = "08", "08\08.csproj", "{EA32D1FB-3E53-4B89-A5AF-383DB1B3FC08}"
EndProject
Project("{9A19103F-16F7-4668-BE54-9A1E7A4F7556}") = "Tools", "Tools\Tools.csproj", "{E8AB2983-CD36-478C-B7AA-F27F8A6E01CA}"
EndProject
Project("{9A19103F-16F7-4668-BE54-9A1E7A4F7556}") = "09", "09\09.csproj", "{48E2D213-7B06-45D2-A8F0-6B9827F6EFD3}"
EndProject
Project("{9A19103F-16F7-4668-BE54-9A1E7A4F7556}") = "10", "10\10.csproj", "{19D94926-58C8-4CF3-BEEF-F9F58F3B785F}"
EndProject
Project("{9A19103F-16F7-4668-BE54-9A1E7A4F7556}") = "AdventOfCode", "AdventOfCode\AdventOfCode.csproj", "{1AFE7DC8-023F-4EB0-BCAF-8A3A275EA84F}"
EndProject
Project("{FAE04EC0-301F-11D3-BF4B-00C04F79EFBC}") = "11", "11\11.csproj", "{EEE8C478-597B-4560-8B3F-140B1A6FAAB5}"
EndProject
Global
	GlobalSection(SolutionConfigurationPlatforms) = preSolution
		Debug|Any CPU = Debug|Any CPU
		Release|Any CPU = Release|Any CPU
	EndGlobalSection
	GlobalSection(ProjectConfigurationPlatforms) = postSolution
		{111D7DA5-1642-4BB4-B2B1-921E7A36C164}.Debug|Any CPU.ActiveCfg = Debug|Any CPU
		{111D7DA5-1642-4BB4-B2B1-921E7A36C164}.Debug|Any CPU.Build.0 = Debug|Any CPU
		{111D7DA5-1642-4BB4-B2B1-921E7A36C164}.Release|Any CPU.ActiveCfg = Release|Any CPU
		{111D7DA5-1642-4BB4-B2B1-921E7A36C164}.Release|Any CPU.Build.0 = Release|Any CPU
		{78CB3AE6-F2D3-4500-901D-41703AA6216B}.Debug|Any CPU.ActiveCfg = Debug|Any CPU
		{78CB3AE6-F2D3-4500-901D-41703AA6216B}.Debug|Any CPU.Build.0 = Debug|Any CPU
		{78CB3AE6-F2D3-4500-901D-41703AA6216B}.Release|Any CPU.ActiveCfg = Release|Any CPU
		{78CB3AE6-F2D3-4500-901D-41703AA6216B}.Release|Any CPU.Build.0 = Release|Any CPU
		{F05C8BB6-C329-4698-B80F-D4B33D461551}.Debug|Any CPU.ActiveCfg = Debug|Any CPU
		{F05C8BB6-C329-4698-B80F-D4B33D461551}.Debug|Any CPU.Build.0 = Debug|Any CPU
		{F05C8BB6-C329-4698-B80F-D4B33D461551}.Release|Any CPU.ActiveCfg = Release|Any CPU
		{F05C8BB6-C329-4698-B80F-D4B33D461551}.Release|Any CPU.Build.0 = Release|Any CPU
		{E4A19AE1-CD13-4FFC-81F7-273B32F62BEC}.Debug|Any CPU.ActiveCfg = Debug|Any CPU
		{E4A19AE1-CD13-4FFC-81F7-273B32F62BEC}.Debug|Any CPU.Build.0 = Debug|Any CPU
		{E4A19AE1-CD13-4FFC-81F7-273B32F62BEC}.Release|Any CPU.ActiveCfg = Release|Any CPU
		{E4A19AE1-CD13-4FFC-81F7-273B32F62BEC}.Release|Any CPU.Build.0 = Release|Any CPU
		{DD0E69FA-7276-484D-BCF5-CA93F49D6080}.Debug|Any CPU.ActiveCfg = Debug|Any CPU
		{DD0E69FA-7276-484D-BCF5-CA93F49D6080}.Debug|Any CPU.Build.0 = Debug|Any CPU
		{DD0E69FA-7276-484D-BCF5-CA93F49D6080}.Release|Any CPU.ActiveCfg = Release|Any CPU
		{DD0E69FA-7276-484D-BCF5-CA93F49D6080}.Release|Any CPU.Build.0 = Release|Any CPU
		{271A7BED-12E1-4EA8-A8B1-F1CB8BE059C9}.Debug|Any CPU.ActiveCfg = Debug|Any CPU
		{271A7BED-12E1-4EA8-A8B1-F1CB8BE059C9}.Debug|Any CPU.Build.0 = Debug|Any CPU
		{271A7BED-12E1-4EA8-A8B1-F1CB8BE059C9}.Release|Any CPU.ActiveCfg = Release|Any CPU
		{271A7BED-12E1-4EA8-A8B1-F1CB8BE059C9}.Release|Any CPU.Build.0 = Release|Any CPU
		{2C17A82A-8A01-4412-81D5-86249B669DA6}.Debug|Any CPU.ActiveCfg = Debug|Any CPU
		{2C17A82A-8A01-4412-81D5-86249B669DA6}.Debug|Any CPU.Build.0 = Debug|Any CPU
		{2C17A82A-8A01-4412-81D5-86249B669DA6}.Release|Any CPU.ActiveCfg = Release|Any CPU
		{2C17A82A-8A01-4412-81D5-86249B669DA6}.Release|Any CPU.Build.0 = Release|Any CPU
		{EA32D1FB-3E53-4B89-A5AF-383DB1B3FC08}.Debug|Any CPU.ActiveCfg = Debug|Any CPU
		{EA32D1FB-3E53-4B89-A5AF-383DB1B3FC08}.Debug|Any CPU.Build.0 = Debug|Any CPU
		{EA32D1FB-3E53-4B89-A5AF-383DB1B3FC08}.Release|Any CPU.ActiveCfg = Release|Any CPU
		{EA32D1FB-3E53-4B89-A5AF-383DB1B3FC08}.Release|Any CPU.Build.0 = Release|Any CPU
		{E8AB2983-CD36-478C-B7AA-F27F8A6E01CA}.Debug|Any CPU.ActiveCfg = Debug|Any CPU
		{E8AB2983-CD36-478C-B7AA-F27F8A6E01CA}.Debug|Any CPU.Build.0 = Debug|Any CPU
		{E8AB2983-CD36-478C-B7AA-F27F8A6E01CA}.Release|Any CPU.ActiveCfg = Release|Any CPU
		{E8AB2983-CD36-478C-B7AA-F27F8A6E01CA}.Release|Any CPU.Build.0 = Release|Any CPU
		{48E2D213-7B06-45D2-A8F0-6B9827F6EFD3}.Debug|Any CPU.ActiveCfg = Debug|Any CPU
		{48E2D213-7B06-45D2-A8F0-6B9827F6EFD3}.Debug|Any CPU.Build.0 = Debug|Any CPU
		{48E2D213-7B06-45D2-A8F0-6B9827F6EFD3}.Release|Any CPU.ActiveCfg = Release|Any CPU
		{48E2D213-7B06-45D2-A8F0-6B9827F6EFD3}.Release|Any CPU.Build.0 = Release|Any CPU
		{19D94926-58C8-4CF3-BEEF-F9F58F3B785F}.Debug|Any CPU.ActiveCfg = Debug|Any CPU
		{19D94926-58C8-4CF3-BEEF-F9F58F3B785F}.Debug|Any CPU.Build.0 = Debug|Any CPU
		{19D94926-58C8-4CF3-BEEF-F9F58F3B785F}.Release|Any CPU.ActiveCfg = Release|Any CPU
		{19D94926-58C8-4CF3-BEEF-F9F58F3B785F}.Release|Any CPU.Build.0 = Release|Any CPU
		{1AFE7DC8-023F-4EB0-BCAF-8A3A275EA84F}.Debug|Any CPU.ActiveCfg = Debug|Any CPU
		{1AFE7DC8-023F-4EB0-BCAF-8A3A275EA84F}.Debug|Any CPU.Build.0 = Debug|Any CPU
		{1AFE7DC8-023F-4EB0-BCAF-8A3A275EA84F}.Release|Any CPU.ActiveCfg = Release|Any CPU
		{1AFE7DC8-023F-4EB0-BCAF-8A3A275EA84F}.Release|Any CPU.Build.0 = Release|Any CPU
		{EEE8C478-597B-4560-8B3F-140B1A6FAAB5}.Debug|Any CPU.ActiveCfg = Debug|Any CPU
		{EEE8C478-597B-4560-8B3F-140B1A6FAAB5}.Debug|Any CPU.Build.0 = Debug|Any CPU
		{EEE8C478-597B-4560-8B3F-140B1A6FAAB5}.Release|Any CPU.ActiveCfg = Release|Any CPU
		{EEE8C478-597B-4560-8B3F-140B1A6FAAB5}.Release|Any CPU.Build.0 = Release|Any CPU
	EndGlobalSection
	GlobalSection(SolutionProperties) = preSolution
		HideSolutionNode = FALSE
	EndGlobalSection
	GlobalSection(ExtensibilityGlobals) = postSolution
		SolutionGuid = {D9EEBA90-E164-420D-81B8-02D6D9FD36D0}
	EndGlobalSection
EndGlobal
