
Microsoft Visual Studio Solution File, Format Version 12.00
# Visual Studio Version 17
VisualStudioVersion = 17.4.33110.190
MinimumVisualStudioVersion = 10.0.40219.1
Project("{9A19103F-16F7-4668-BE54-9A1E7A4F7556}") = "AoC_2022", "AoC_2022\AoC_2022.csproj", "{C2369D55-BE12-44E9-8018-F8F743D2CABA}"
EndProject
Project("{9A19103F-16F7-4668-BE54-9A1E7A4F7556}") = "ShortestPath", "..\..\ShortestPath\ShortestPath\ShortestPath.csproj", "{49618284-2537-4492-A3BB-CFFEA0ECC5FF}"
EndProject
Project("{9A19103F-16F7-4668-BE54-9A1E7A4F7556}") = "Tools", "..\Tools\Tools.csproj", "{FA447B33-2B1D-4A6B-8973-A89BFD18251B}"
EndProject
Project("{2150E333-8FDC-42A3-9474-1A3956D46DE8}") = "Solution Items", "Solution Items", "{7A480060-E5C7-4874-93A1-A8D89DDD6035}"
	ProjectSection(SolutionItems) = preProject
		.editorconfig = .editorconfig
	EndProjectSection
EndProject
Project("{9A19103F-16F7-4668-BE54-9A1E7A4F7556}") = "AoC", "AoC\AoC.csproj", "{C294E796-0B43-4F8E-97B7-ABC71F020A73}"
EndProject
Global
	GlobalSection(SolutionConfigurationPlatforms) = preSolution
		Debug|Any CPU = Debug|Any CPU
		Release|Any CPU = Release|Any CPU
	EndGlobalSection
	GlobalSection(ProjectConfigurationPlatforms) = postSolution
		{C2369D55-BE12-44E9-8018-F8F743D2CABA}.Debug|Any CPU.ActiveCfg = Debug|Any CPU
		{C2369D55-BE12-44E9-8018-F8F743D2CABA}.Debug|Any CPU.Build.0 = Debug|Any CPU
		{C2369D55-BE12-44E9-8018-F8F743D2CABA}.Release|Any CPU.ActiveCfg = Release|Any CPU
		{C2369D55-BE12-44E9-8018-F8F743D2CABA}.Release|Any CPU.Build.0 = Release|Any CPU
		{49618284-2537-4492-A3BB-CFFEA0ECC5FF}.Debug|Any CPU.ActiveCfg = Debug|Any CPU
		{49618284-2537-4492-A3BB-CFFEA0ECC5FF}.Debug|Any CPU.Build.0 = Debug|Any CPU
		{49618284-2537-4492-A3BB-CFFEA0ECC5FF}.Release|Any CPU.ActiveCfg = Release|Any CPU
		{49618284-2537-4492-A3BB-CFFEA0ECC5FF}.Release|Any CPU.Build.0 = Release|Any CPU
		{FA447B33-2B1D-4A6B-8973-A89BFD18251B}.Debug|Any CPU.ActiveCfg = Debug|Any CPU
		{FA447B33-2B1D-4A6B-8973-A89BFD18251B}.Debug|Any CPU.Build.0 = Debug|Any CPU
		{FA447B33-2B1D-4A6B-8973-A89BFD18251B}.Release|Any CPU.ActiveCfg = Release|Any CPU
		{FA447B33-2B1D-4A6B-8973-A89BFD18251B}.Release|Any CPU.Build.0 = Release|Any CPU
		{C294E796-0B43-4F8E-97B7-ABC71F020A73}.Debug|Any CPU.ActiveCfg = Debug|Any CPU
		{C294E796-0B43-4F8E-97B7-ABC71F020A73}.Debug|Any CPU.Build.0 = Debug|Any CPU
		{C294E796-0B43-4F8E-97B7-ABC71F020A73}.Release|Any CPU.ActiveCfg = Release|Any CPU
		{C294E796-0B43-4F8E-97B7-ABC71F020A73}.Release|Any CPU.Build.0 = Release|Any CPU
	EndGlobalSection
	GlobalSection(SolutionProperties) = preSolution
		HideSolutionNode = FALSE
	EndGlobalSection
	GlobalSection(ExtensibilityGlobals) = postSolution
		SolutionGuid = {E5750178-905C-40F6-8F78-273F5318FD82}
	EndGlobalSection
EndGlobal
