
Microsoft Visual Studio Solution File, Format Version 12.00
# Visual Studio Version 17
VisualStudioVersion = 17.0.31912.275
MinimumVisualStudioVersion = 10.0.40219.1
Project("{9A19103F-16F7-4668-BE54-9A1E7A4F7556}") = "01", "01\01.csproj", "{89135517-6D93-4FBE-BBDE-E2442B96C6FF}"
EndProject
Project("{9A19103F-16F7-4668-BE54-9A1E7A4F7556}") = "02", "02\02.csproj", "{B963D2EE-CBC2-4269-B80E-9E7AF576F0C4}"
EndProject
Project("{9A19103F-16F7-4668-BE54-9A1E7A4F7556}") = "03", "03\03.csproj", "{806C754C-0E46-45B5-84CF-BF2130CCA4A5}"
EndProject
Project("{9A19103F-16F7-4668-BE54-9A1E7A4F7556}") = "04", "04\04.csproj", "{1C9B8BCC-A07B-4FE4-9FA4-366B845475A6}"
EndProject
Project("{9A19103F-16F7-4668-BE54-9A1E7A4F7556}") = "05", "05\05.csproj", "{EA0CD57F-EB88-4EF7-AA1B-837603B60F97}"
EndProject
Project("{9A19103F-16F7-4668-BE54-9A1E7A4F7556}") = "06", "06\06.csproj", "{B6CD6784-EE7C-4BCD-801E-994AB6ACCBFA}"
EndProject
Project("{9A19103F-16F7-4668-BE54-9A1E7A4F7556}") = "07", "07\07.csproj", "{28558136-0CA9-41CD-9153-BAD87E22DE58}"
EndProject
Project("{9A19103F-16F7-4668-BE54-9A1E7A4F7556}") = "08", "08\08.csproj", "{FACBDE40-76FA-4218-B6DF-5483E41163D2}"
EndProject
Project("{9A19103F-16F7-4668-BE54-9A1E7A4F7556}") = "09", "09\09.csproj", "{D859CE2A-2D28-4896-9A1A-0B6C1342863A}"
EndProject
Project("{9A19103F-16F7-4668-BE54-9A1E7A4F7556}") = "10", "10\10.csproj", "{87469491-3021-4D92-92E7-C97575770C4C}"
EndProject
Project("{9A19103F-16F7-4668-BE54-9A1E7A4F7556}") = "11", "11\11.csproj", "{88FE0DD4-DA5C-4CC7-954A-D64FB8511E60}"
EndProject
Project("{9A19103F-16F7-4668-BE54-9A1E7A4F7556}") = "12", "12\12.csproj", "{50DC59B1-EF52-43A6-A883-9F159BC4BBD4}"
EndProject
Project("{9A19103F-16F7-4668-BE54-9A1E7A4F7556}") = "13", "13\13.csproj", "{D9A8B968-6872-4740-9176-18A0DCDF02A2}"
EndProject
Project("{9A19103F-16F7-4668-BE54-9A1E7A4F7556}") = "20", "20\20.csproj", "{A61D85DA-A491-4668-AA41-1E98A571CBB8}"
EndProject
Project("{9A19103F-16F7-4668-BE54-9A1E7A4F7556}") = "21", "21\21.csproj", "{1B92626E-19B0-4BC2-AFBA-4243CA0B39BB}"
EndProject
Project("{9A19103F-16F7-4668-BE54-9A1E7A4F7556}") = "22", "22\22.csproj", "{2E1FB448-EE90-4271-B8AA-ED6A2207FF3B}"
EndProject
Project("{9A19103F-16F7-4668-BE54-9A1E7A4F7556}") = "25", "25\25.csproj", "{A65E8483-1A89-4F7D-8C96-6163C4E16C74}"
EndProject
Project("{9A19103F-16F7-4668-BE54-9A1E7A4F7556}") = "Tools", "..\..\Tools\Tools.csproj", "{AC66F555-FAB8-40BA-BDF9-7282B885DA5A}"
EndProject
Global
	GlobalSection(SolutionConfigurationPlatforms) = preSolution
		Debug|Any CPU = Debug|Any CPU
		Release|Any CPU = Release|Any CPU
	EndGlobalSection
	GlobalSection(ProjectConfigurationPlatforms) = postSolution
		{89135517-6D93-4FBE-BBDE-E2442B96C6FF}.Debug|Any CPU.ActiveCfg = Debug|Any CPU
		{89135517-6D93-4FBE-BBDE-E2442B96C6FF}.Debug|Any CPU.Build.0 = Debug|Any CPU
		{89135517-6D93-4FBE-BBDE-E2442B96C6FF}.Release|Any CPU.ActiveCfg = Release|Any CPU
		{89135517-6D93-4FBE-BBDE-E2442B96C6FF}.Release|Any CPU.Build.0 = Release|Any CPU
		{B963D2EE-CBC2-4269-B80E-9E7AF576F0C4}.Debug|Any CPU.ActiveCfg = Debug|Any CPU
		{B963D2EE-CBC2-4269-B80E-9E7AF576F0C4}.Debug|Any CPU.Build.0 = Debug|Any CPU
		{B963D2EE-CBC2-4269-B80E-9E7AF576F0C4}.Release|Any CPU.ActiveCfg = Release|Any CPU
		{B963D2EE-CBC2-4269-B80E-9E7AF576F0C4}.Release|Any CPU.Build.0 = Release|Any CPU
		{806C754C-0E46-45B5-84CF-BF2130CCA4A5}.Debug|Any CPU.ActiveCfg = Debug|Any CPU
		{806C754C-0E46-45B5-84CF-BF2130CCA4A5}.Debug|Any CPU.Build.0 = Debug|Any CPU
		{806C754C-0E46-45B5-84CF-BF2130CCA4A5}.Release|Any CPU.ActiveCfg = Release|Any CPU
		{806C754C-0E46-45B5-84CF-BF2130CCA4A5}.Release|Any CPU.Build.0 = Release|Any CPU
		{1C9B8BCC-A07B-4FE4-9FA4-366B845475A6}.Debug|Any CPU.ActiveCfg = Debug|Any CPU
		{1C9B8BCC-A07B-4FE4-9FA4-366B845475A6}.Debug|Any CPU.Build.0 = Debug|Any CPU
		{1C9B8BCC-A07B-4FE4-9FA4-366B845475A6}.Release|Any CPU.ActiveCfg = Release|Any CPU
		{1C9B8BCC-A07B-4FE4-9FA4-366B845475A6}.Release|Any CPU.Build.0 = Release|Any CPU
		{EA0CD57F-EB88-4EF7-AA1B-837603B60F97}.Debug|Any CPU.ActiveCfg = Debug|Any CPU
		{EA0CD57F-EB88-4EF7-AA1B-837603B60F97}.Debug|Any CPU.Build.0 = Debug|Any CPU
		{EA0CD57F-EB88-4EF7-AA1B-837603B60F97}.Release|Any CPU.ActiveCfg = Release|Any CPU
		{EA0CD57F-EB88-4EF7-AA1B-837603B60F97}.Release|Any CPU.Build.0 = Release|Any CPU
		{B6CD6784-EE7C-4BCD-801E-994AB6ACCBFA}.Debug|Any CPU.ActiveCfg = Debug|Any CPU
		{B6CD6784-EE7C-4BCD-801E-994AB6ACCBFA}.Debug|Any CPU.Build.0 = Debug|Any CPU
		{B6CD6784-EE7C-4BCD-801E-994AB6ACCBFA}.Release|Any CPU.ActiveCfg = Release|Any CPU
		{B6CD6784-EE7C-4BCD-801E-994AB6ACCBFA}.Release|Any CPU.Build.0 = Release|Any CPU
		{28558136-0CA9-41CD-9153-BAD87E22DE58}.Debug|Any CPU.ActiveCfg = Debug|Any CPU
		{28558136-0CA9-41CD-9153-BAD87E22DE58}.Debug|Any CPU.Build.0 = Debug|Any CPU
		{28558136-0CA9-41CD-9153-BAD87E22DE58}.Release|Any CPU.ActiveCfg = Release|Any CPU
		{28558136-0CA9-41CD-9153-BAD87E22DE58}.Release|Any CPU.Build.0 = Release|Any CPU
		{FACBDE40-76FA-4218-B6DF-5483E41163D2}.Debug|Any CPU.ActiveCfg = Debug|Any CPU
		{FACBDE40-76FA-4218-B6DF-5483E41163D2}.Debug|Any CPU.Build.0 = Debug|Any CPU
		{FACBDE40-76FA-4218-B6DF-5483E41163D2}.Release|Any CPU.ActiveCfg = Release|Any CPU
		{FACBDE40-76FA-4218-B6DF-5483E41163D2}.Release|Any CPU.Build.0 = Release|Any CPU
		{D859CE2A-2D28-4896-9A1A-0B6C1342863A}.Debug|Any CPU.ActiveCfg = Debug|Any CPU
		{D859CE2A-2D28-4896-9A1A-0B6C1342863A}.Debug|Any CPU.Build.0 = Debug|Any CPU
		{D859CE2A-2D28-4896-9A1A-0B6C1342863A}.Release|Any CPU.ActiveCfg = Release|Any CPU
		{D859CE2A-2D28-4896-9A1A-0B6C1342863A}.Release|Any CPU.Build.0 = Release|Any CPU
		{87469491-3021-4D92-92E7-C97575770C4C}.Debug|Any CPU.ActiveCfg = Debug|Any CPU
		{87469491-3021-4D92-92E7-C97575770C4C}.Debug|Any CPU.Build.0 = Debug|Any CPU
		{87469491-3021-4D92-92E7-C97575770C4C}.Release|Any CPU.ActiveCfg = Release|Any CPU
		{87469491-3021-4D92-92E7-C97575770C4C}.Release|Any CPU.Build.0 = Release|Any CPU
		{88FE0DD4-DA5C-4CC7-954A-D64FB8511E60}.Debug|Any CPU.ActiveCfg = Debug|Any CPU
		{88FE0DD4-DA5C-4CC7-954A-D64FB8511E60}.Debug|Any CPU.Build.0 = Debug|Any CPU
		{88FE0DD4-DA5C-4CC7-954A-D64FB8511E60}.Release|Any CPU.ActiveCfg = Release|Any CPU
		{88FE0DD4-DA5C-4CC7-954A-D64FB8511E60}.Release|Any CPU.Build.0 = Release|Any CPU
		{50DC59B1-EF52-43A6-A883-9F159BC4BBD4}.Debug|Any CPU.ActiveCfg = Debug|Any CPU
		{50DC59B1-EF52-43A6-A883-9F159BC4BBD4}.Debug|Any CPU.Build.0 = Debug|Any CPU
		{50DC59B1-EF52-43A6-A883-9F159BC4BBD4}.Release|Any CPU.ActiveCfg = Release|Any CPU
		{50DC59B1-EF52-43A6-A883-9F159BC4BBD4}.Release|Any CPU.Build.0 = Release|Any CPU
		{D9A8B968-6872-4740-9176-18A0DCDF02A2}.Debug|Any CPU.ActiveCfg = Debug|Any CPU
		{D9A8B968-6872-4740-9176-18A0DCDF02A2}.Debug|Any CPU.Build.0 = Debug|Any CPU
		{D9A8B968-6872-4740-9176-18A0DCDF02A2}.Release|Any CPU.ActiveCfg = Release|Any CPU
		{D9A8B968-6872-4740-9176-18A0DCDF02A2}.Release|Any CPU.Build.0 = Release|Any CPU
		{A61D85DA-A491-4668-AA41-1E98A571CBB8}.Debug|Any CPU.ActiveCfg = Debug|Any CPU
		{A61D85DA-A491-4668-AA41-1E98A571CBB8}.Debug|Any CPU.Build.0 = Debug|Any CPU
		{A61D85DA-A491-4668-AA41-1E98A571CBB8}.Release|Any CPU.ActiveCfg = Release|Any CPU
		{A61D85DA-A491-4668-AA41-1E98A571CBB8}.Release|Any CPU.Build.0 = Release|Any CPU
		{1B92626E-19B0-4BC2-AFBA-4243CA0B39BB}.Debug|Any CPU.ActiveCfg = Debug|Any CPU
		{1B92626E-19B0-4BC2-AFBA-4243CA0B39BB}.Debug|Any CPU.Build.0 = Debug|Any CPU
		{1B92626E-19B0-4BC2-AFBA-4243CA0B39BB}.Release|Any CPU.ActiveCfg = Release|Any CPU
		{1B92626E-19B0-4BC2-AFBA-4243CA0B39BB}.Release|Any CPU.Build.0 = Release|Any CPU
		{2E1FB448-EE90-4271-B8AA-ED6A2207FF3B}.Debug|Any CPU.ActiveCfg = Debug|Any CPU
		{2E1FB448-EE90-4271-B8AA-ED6A2207FF3B}.Debug|Any CPU.Build.0 = Debug|Any CPU
		{2E1FB448-EE90-4271-B8AA-ED6A2207FF3B}.Release|Any CPU.ActiveCfg = Release|Any CPU
		{2E1FB448-EE90-4271-B8AA-ED6A2207FF3B}.Release|Any CPU.Build.0 = Release|Any CPU
		{A65E8483-1A89-4F7D-8C96-6163C4E16C74}.Debug|Any CPU.ActiveCfg = Debug|Any CPU
		{A65E8483-1A89-4F7D-8C96-6163C4E16C74}.Debug|Any CPU.Build.0 = Debug|Any CPU
		{A65E8483-1A89-4F7D-8C96-6163C4E16C74}.Release|Any CPU.ActiveCfg = Release|Any CPU
		{A65E8483-1A89-4F7D-8C96-6163C4E16C74}.Release|Any CPU.Build.0 = Release|Any CPU
		{AC66F555-FAB8-40BA-BDF9-7282B885DA5A}.Debug|Any CPU.ActiveCfg = Debug|Any CPU
		{AC66F555-FAB8-40BA-BDF9-7282B885DA5A}.Debug|Any CPU.Build.0 = Debug|Any CPU
		{AC66F555-FAB8-40BA-BDF9-7282B885DA5A}.Release|Any CPU.ActiveCfg = Release|Any CPU
		{AC66F555-FAB8-40BA-BDF9-7282B885DA5A}.Release|Any CPU.Build.0 = Release|Any CPU
	EndGlobalSection
	GlobalSection(SolutionProperties) = preSolution
		HideSolutionNode = FALSE
	EndGlobalSection
	GlobalSection(ExtensibilityGlobals) = postSolution
		SolutionGuid = {D9EEBA90-E164-420D-81B8-02D6D9FD36D0}
	EndGlobalSection
EndGlobal
