
Microsoft Visual Studio Solution File, Format Version 12.00
# Visual Studio Version 17
VisualStudioVersion = 17.4.33110.190
MinimumVisualStudioVersion = 10.0.40219.1
Project("{9A19103F-16F7-4668-BE54-9A1E7A4F7556}") = "AoC_2022", "AoC_2022\AoC_2022.csproj", "{C2369D55-BE12-44E9-8018-F8F743D2CABA}"
EndProject
Project("{9A19103F-16F7-4668-BE54-9A1E7A4F7556}") = "AoC_2023", "AoC_2023\AoC_2023.csproj", "{1E1A0506-DB4D-4348-B2AD-F54F484DC156}"
EndProject
Project("{9A19103F-16F7-4668-BE54-9A1E7A4F7556}") = "Tools", "..\..\Tools\Tools.csproj", "{DCDC9DE4-ACA3-4F0C-9286-0A244B3D828E}"
EndProject
Project("{9A19103F-16F7-4668-BE54-9A1E7A4F7556}") = "ShortestPath", "..\..\..\ShortestPath\ShortestPath\ShortestPath.csproj", "{FE0BCE49-709F-40E6-A52A-7B2FE527FA8F}"
EndProject
Global
	GlobalSection(SolutionConfigurationPlatforms) = preSolution
		Debug|Any CPU = Debug|Any CPU
		Release|Any CPU = Release|Any CPU
	EndGlobalSection
	GlobalSection(ProjectConfigurationPlatforms) = postSolution
		{C2369D55-BE12-44E9-8018-F8F743D2CABA}.Debug|Any CPU.ActiveCfg = Debug|Any CPU
		{C2369D55-BE12-44E9-8018-F8F743D2CABA}.Debug|Any CPU.Build.0 = Debug|Any CPU
		{C2369D55-BE12-44E9-8018-F8F743D2CABA}.Release|Any CPU.ActiveCfg = Release|Any CPU
		{C2369D55-BE12-44E9-8018-F8F743D2CABA}.Release|Any CPU.Build.0 = Release|Any CPU
		{1E1A0506-DB4D-4348-B2AD-F54F484DC156}.Debug|Any CPU.ActiveCfg = Debug|Any CPU
		{1E1A0506-DB4D-4348-B2AD-F54F484DC156}.Debug|Any CPU.Build.0 = Debug|Any CPU
		{1E1A0506-DB4D-4348-B2AD-F54F484DC156}.Release|Any CPU.ActiveCfg = Release|Any CPU
		{1E1A0506-DB4D-4348-B2AD-F54F484DC156}.Release|Any CPU.Build.0 = Release|Any CPU
		{DCDC9DE4-ACA3-4F0C-9286-0A244B3D828E}.Debug|Any CPU.ActiveCfg = Debug|Any CPU
		{DCDC9DE4-ACA3-4F0C-9286-0A244B3D828E}.Debug|Any CPU.Build.0 = Debug|Any CPU
		{DCDC9DE4-ACA3-4F0C-9286-0A244B3D828E}.Release|Any CPU.ActiveCfg = Release|Any CPU
		{DCDC9DE4-ACA3-4F0C-9286-0A244B3D828E}.Release|Any CPU.Build.0 = Release|Any CPU
		{FE0BCE49-709F-40E6-A52A-7B2FE527FA8F}.Debug|Any CPU.ActiveCfg = Debug|Any CPU
		{FE0BCE49-709F-40E6-A52A-7B2FE527FA8F}.Debug|Any CPU.Build.0 = Debug|Any CPU
		{FE0BCE49-709F-40E6-A52A-7B2FE527FA8F}.Release|Any CPU.ActiveCfg = Release|Any CPU
		{FE0BCE49-709F-40E6-A52A-7B2FE527FA8F}.Release|Any CPU.Build.0 = Release|Any CPU
	EndGlobalSection
	GlobalSection(SolutionProperties) = preSolution
		HideSolutionNode = FALSE
	EndGlobalSection
	GlobalSection(ExtensibilityGlobals) = postSolution
		SolutionGuid = {E5750178-905C-40F6-8F78-273F5318FD82}
	EndGlobalSection
EndGlobal
